{
  "originHash" : "946a941f6cb850fe0005f5b368de31aaa83264c401c0a261f0372ff8d49d278a",
  "pins" : [
    {
      "identity" : "ion-ios-filesystem",
      "kind" : "remoteSourceControl",
      "location" : "https://github.com/ionic-team/ion-ios-filesystem.git",
      "state" : {
        "revision" : "13848aab4f3447ff98dfdbe72ff8ef31bf333db0",
        "version" : "2.0.0"
      }
    }
  ],
  "version" : 3
}
